
Microsoft Visual Studio Solution File, Format Version 12.00
# Visual Studio Version 16
VisualStudioVersion = 16.0.29215.179
MinimumVisualStudioVersion = 10.0.40219.1
Project("{FAE04EC0-301F-11D3-BF4B-00C04F79EFBC}") = "AopDemo.Ordering.Api", "AopDemo\AopDemo.Ordering.Api.csproj", "{044C8E53-C15A-4173-B600-E4D742584173}"
EndProject
Project("{FAE04EC0-301F-11D3-BF4B-00C04F79EFBC}") = "AopDemo.Ordering.Domain", "AopDemo.Ordering.Domain\AopDemo.Ordering.Domain.csproj", "{42F420F3-721F-464A-9604-3F166EFED995}"
EndProject
Project("{FAE04EC0-301F-11D3-BF4B-00C04F79EFBC}") = "AopDemo.Ordering.Application", "AopDemo.Ordering.Application\AopDemo.Ordering.Application.csproj", "{98A87141-B7A1-40C6-AFB5-1A031BC530D9}"
EndProject
Project("{FAE04EC0-301F-11D3-BF4B-00C04F79EFBC}") = "AopDemo.Ordering.Infrastructure", "AopDemo.Ordering.Infrastructure\AopDemo.Ordering.Infrastructure.csproj", "{6E0D37F3-FCA0-455A-A251-C05097B1C6A8}"
EndProject
Global
	GlobalSection(SolutionConfigurationPlatforms) = preSolution
		Debug|Any CPU = Debug|Any CPU
		Release|Any CPU = Release|Any CPU
	EndGlobalSection
	GlobalSection(ProjectConfigurationPlatforms) = postSolution
		{044C8E53-C15A-4173-B600-E4D742584173}.Debug|Any CPU.ActiveCfg = Debug|Any CPU
		{044C8E53-C15A-4173-B600-E4D742584173}.Debug|Any CPU.Build.0 = Debug|Any CPU
		{044C8E53-C15A-4173-B600-E4D742584173}.Release|Any CPU.ActiveCfg = Release|Any CPU
		{044C8E53-C15A-4173-B600-E4D742584173}.Release|Any CPU.Build.0 = Release|Any CPU
		{42F420F3-721F-464A-9604-3F166EFED995}.Debug|Any CPU.ActiveCfg = Debug|Any CPU
		{42F420F3-721F-464A-9604-3F166EFED995}.Debug|Any CPU.Build.0 = Debug|Any CPU
		{42F420F3-721F-464A-9604-3F166EFED995}.Release|Any CPU.ActiveCfg = Release|Any CPU
		{42F420F3-721F-464A-9604-3F166EFED995}.Release|Any CPU.Build.0 = Release|Any CPU
		{98A87141-B7A1-40C6-AFB5-1A031BC530D9}.Debug|Any CPU.ActiveCfg = Debug|Any CPU
		{98A87141-B7A1-40C6-AFB5-1A031BC530D9}.Debug|Any CPU.Build.0 = Debug|Any CPU
		{98A87141-B7A1-40C6-AFB5-1A031BC530D9}.Release|Any CPU.ActiveCfg = Release|Any CPU
		{98A87141-B7A1-40C6-AFB5-1A031BC530D9}.Release|Any CPU.Build.0 = Release|Any CPU
		{6E0D37F3-FCA0-455A-A251-C05097B1C6A8}.Debug|Any CPU.ActiveCfg = Debug|Any CPU
		{6E0D37F3-FCA0-455A-A251-C05097B1C6A8}.Debug|Any CPU.Build.0 = Debug|Any CPU
		{6E0D37F3-FCA0-455A-A251-C05097B1C6A8}.Release|Any CPU.ActiveCfg = Release|Any CPU
		{6E0D37F3-FCA0-455A-A251-C05097B1C6A8}.Release|Any CPU.Build.0 = Release|Any CPU
	EndGlobalSection
	GlobalSection(SolutionProperties) = preSolution
		HideSolutionNode = FALSE
	EndGlobalSection
	GlobalSection(ExtensibilityGlobals) = postSolution
		SolutionGuid = {9D9F87CE-0B1D-4323-A642-FD2A18429F69}
	EndGlobalSection
EndGlobal
